
Microsoft Visual Studio Solution File, Format Version 12.00
# Visual Studio 14
VisualStudioVersion = 14.0.23107.0
MinimumVisualStudioVersion = 10.0.40219.1
Project("{FAE04EC0-301F-11D3-BF4B-00C04F79EFBC}") = "158247 Assignment 4", "158247 Assignment 4\158247 Assignment 4.csproj", "{6E232831-F800-4100-B852-55517A412283}"
EndProject
Project("{FAE04EC0-301F-11D3-BF4B-00C04F79EFBC}") = "158247 Assignment 4Tests", "158247 Assignment 4Tests\158247 Assignment 4Tests.csproj", "{1196ACC6-73A6-42D0-8D63-E9350A5346A3}"
EndProject
Global
	GlobalSection(SolutionConfigurationPlatforms) = preSolution
		Debug|Any CPU = Debug|Any CPU
		Release|Any CPU = Release|Any CPU
	EndGlobalSection
	GlobalSection(ProjectConfigurationPlatforms) = postSolution
		{6E232831-F800-4100-B852-55517A412283}.Debug|Any CPU.ActiveCfg = Debug|Any CPU
		{6E232831-F800-4100-B852-55517A412283}.Debug|Any CPU.Build.0 = Debug|Any CPU
		{6E232831-F800-4100-B852-55517A412283}.Release|Any CPU.ActiveCfg = Release|Any CPU
		{6E232831-F800-4100-B852-55517A412283}.Release|Any CPU.Build.0 = Release|Any CPU
		{1196ACC6-73A6-42D0-8D63-E9350A5346A3}.Debug|Any CPU.ActiveCfg = Debug|Any CPU
		{1196ACC6-73A6-42D0-8D63-E9350A5346A3}.Debug|Any CPU.Build.0 = Debug|Any CPU
		{1196ACC6-73A6-42D0-8D63-E9350A5346A3}.Release|Any CPU.ActiveCfg = Release|Any CPU
		{1196ACC6-73A6-42D0-8D63-E9350A5346A3}.Release|Any CPU.Build.0 = Release|Any CPU
	EndGlobalSection
	GlobalSection(SolutionProperties) = preSolution
		HideSolutionNode = FALSE
	EndGlobalSection
EndGlobal
